{
  "name": "A008",
  "version": "0.0.0",
  "lockfileVersion": 3,
  "requires": true,
  "packages": {
    "": {
      "name": "A008",
      "version": "0.0.0",
      "license": "Apache-2.0",
      "dependencies": {
        "@agentclientprotocol/sdk": "1.4.0",
        "better-sqlite3": "13.0.3",
        "zod": "4.5.4"
      },
      "bin": {
        "A008": "dist/src/cli.js",
        "A008-acp": "dist/src/acp/server.js"
      },
      "devDependencies": {
        "@types/better-sqlite3": "9.6.0",
        "@types/node": "24.13.3",
        "typescript": "6.0.3"
      },
      "engines": {
        "node": ">=22.12.0"
      }
    },
    "node_modules/@agentclientprotocol/sdk": {
      "version": "1.4.0",
      "resolved": "https://registry.npmjs.org/@agentclientprotocol/sdk/-/sdk-1.4.0.tgz",
      "integrity": "sha512-/eufudw+aFY1LKLolT6yFE6UMmYRl7fMJ/DEONSIyR6wI3slHWITBsANRGqXEY8FRzqUxwh7QEaGiZHcJPVThg==",
      "license": "Apache-2.0",
      "peerDependencies": {
        "zod": "^3.25.0 || ^4.0.0"
      }
    },
    "node_modules/@types/better-sqlite3": {
      "version": "9.6.0",
      "resolved": "https://registry.npmjs.org/@types/better-sqlite3/-/better-sqlite3-9.6.0.tgz",
      "integrity": "sha512-ZEEwBSgMu7GYJOynoagg5X9JbxfL6dTJDsgViJIqh67jV44kyOr9RXfmFjLK5rzC4MWssP06t9hu/JwGDnUbCg==",
      "dev": true,
      "license": "MIT",
      "dependencies": {
        "@types/node": "*"
      }
    },
    "node_modules/@types/node": {
      "version": "24.13.3",
      "resolved": "https://registry.npmjs.org/@types/node/-/node-24.13.3.tgz",
      "integrity": "sha512-Dh8vAsV36ig5wa9OX4pXvMc9D3Veibfw2wix0CUwYODLD8nkj9UsLjASr49nPg+2eKzxhBV+v7L8pXvT4e639Q==",
      "dev": true,
      "license": "MIT",
      "dependencies": {
        "undici-types": "~7.18.0"
      }
    },
    "node_modules/better-sqlite3": {
      "version": "13.0.3",
      "resolved": "https://registry.npmjs.org/better-sqlite3/-/better-sqlite3-13.0.3.tgz",
      "integrity": "sha512-RbOBxmLBG8uvFUc15X9+9SFemKcQ0WBuISBVkpuiaUB2qblC8UWlHEjdWVoZ8AdhSwmoEgsiXKfopX0CQxaACQ==",
      "hasInstallScript": true,
      "license": "MIT",
      "dependencies": {
        "node-addon-api": "^8.0.0"
      },
      "engines": {
        "node": ">=22"
      }
    },
    "node_modules/node-addon-api": {
      "version": "8.9.2",
      "resolved": "https://registry.npmjs.org/node-addon-api/-/node-addon-api-8.9.2.tgz",
      "integrity": "sha512-VijLXbi3UACN69I0JVXJsX4tjACjNoQDgv2gTF6sx2wWEi8tkSg2eX8p5gSIFi8z2+DL3oHmY6OyKce38SDolg==",
      "license": "MIT",
      "engines": {
        "node": "^18 || ^20 || >= 21"
      }
    },
    "node_modules/typescript": {
      "version": "6.0.3",
      "resolved": "https://registry.npmjs.org/typescript/-/typescript-6.0.3.tgz",
      "integrity": "sha512-y2TvuxSZPDyQakkFRPZHKFm+KKVqIisdg9/CZwm9ftvKXLP8NRWj38/ODjNbr43SsoXqNuAisEf1GdCxqWcdBw==",
      "dev": true,
      "license": "Apache-2.0",
      "bin": {
        "tsc": "bin/tsc",
        "tsserver": "bin/tsserver"
      },
      "engines": {
        "node": ">=14.17"
      }
    },
    "node_modules/undici-types": {
      "version": "7.18.2",
      "resolved": "https://registry.npmjs.org/undici-types/-/undici-types-7.18.2.tgz",
      "integrity": "sha512-AsuCzffGHJybSaRrmr5eHr81mwJU3kjw6M+uprWvCXiNeN9SOGwQ3Jn8jb8m3Z6izVgknn1R0FTCEAP2QrLY/w==",
      "dev": true,
      "license": "MIT"
    },
    "node_modules/zod": {
      "version": "4.5.4",
      "resolved": "https://registry.npmjs.org/zod/-/zod-4.5.4.tgz",
      "integrity": "sha512-sC95tT5iHHH9gtpj6A81kh+NEaRAUFN+qlUPDUbRfOMvNf5QCBqsb3WgvnpVtK5Y+4UfA6KqufotuTvMGiTlsA==",
      "license": "MIT",
      "funding": {
        "url": "https://github.com/sponsors/colinhacks"
      }
    }
  }
}
